
Microsoft Visual Studio Solution File, Format Version 12.00
# Visual Studio Version 16
VisualStudioVersion = 16.0.30517.126
MinimumVisualStudioVersion = 10.0.40219.1
Project("{FAE04EC0-301F-11D3-BF4B-00C04F79EFBC}") = "dev.c-sirias.com", "dev.c-sirias.com\dev.c-sirias.com.csproj", "{AA20D4FE-F4A7-4B91-A5FE-A61F03484515}"
EndProject
Global
	GlobalSection(SolutionConfigurationPlatforms) = preSolution
		Debug|Any CPU = Debug|Any CPU
		Release|Any CPU = Release|Any CPU
	EndGlobalSection
	GlobalSection(ProjectConfigurationPlatforms) = postSolution
		{AA20D4FE-F4A7-4B91-A5FE-A61F03484515}.Debug|Any CPU.ActiveCfg = Debug|Any CPU
		{AA20D4FE-F4A7-4B91-A5FE-A61F03484515}.Debug|Any CPU.Build.0 = Debug|Any CPU
		{AA20D4FE-F4A7-4B91-A5FE-A61F03484515}.Release|Any CPU.ActiveCfg = Release|Any CPU
		{AA20D4FE-F4A7-4B91-A5FE-A61F03484515}.Release|Any CPU.Build.0 = Release|Any CPU
	EndGlobalSection
	GlobalSection(SolutionProperties) = preSolution
		HideSolutionNode = FALSE
	EndGlobalSection
	GlobalSection(ExtensibilityGlobals) = postSolution
		SolutionGuid = {BE219450-19B3-4C8B-8081-EEC8134B88E6}
	EndGlobalSection
EndGlobal
